
Microsoft Visual Studio Solution File, Format Version 12.00
# Visual Studio Version 17
VisualStudioVersion = 17.7.34221.43
MinimumVisualStudioVersion = 10.0.40219.1
Project("{FAE04EC0-301F-11D3-BF4B-00C04F79EFBC}") = "WindowsFormsProject", "ProiectNeagoeRares\WindowsFormsProject.csproj", "{07587525-7BDA-4A9F-BFC6-E55AD96EDD4A}"
EndProject
Global
	GlobalSection(SolutionConfigurationPlatforms) = preSolution
		Debug|Any CPU = Debug|Any CPU
		Release|Any CPU = Release|Any CPU
	EndGlobalSection
	GlobalSection(ProjectConfigurationPlatforms) = postSolution
		{07587525-7BDA-4A9F-BFC6-E55AD96EDD4A}.Debug|Any CPU.ActiveCfg = Debug|Any CPU
		{07587525-7BDA-4A9F-BFC6-E55AD96EDD4A}.Debug|Any CPU.Build.0 = Debug|Any CPU
		{07587525-7BDA-4A9F-BFC6-E55AD96EDD4A}.Release|Any CPU.ActiveCfg = Release|Any CPU
		{07587525-7BDA-4A9F-BFC6-E55AD96EDD4A}.Release|Any CPU.Build.0 = Release|Any CPU
	EndGlobalSection
	GlobalSection(SolutionProperties) = preSolution
		HideSolutionNode = FALSE
	EndGlobalSection
	GlobalSection(ExtensibilityGlobals) = postSolution
		SolutionGuid = {74631328-8746-4D09-BF37-1AEDD8133EFB}
	EndGlobalSection
EndGlobal
